PODS:
  - Kingfisher (7.9.0)
  - SDWebImage (5.17.0):
    - SDWebImage/Core (= 5.17.0)
  - SDWebImage/Core (5.17.0)

DEPENDENCIES:
  - Kingfisher
  - SDWebImage

SPEC REPOS:
  https://github.com/CocoaPods/Specs.git:
    - Kingfisher
    - SDWebImage

SPEC CHECKSUMS:
  Kingfisher: 59f908b6d2f403b0a3e539debb0eec05cb27002c
  SDWebImage: 750adf017a315a280c60fde706ab1e552a3ae4e9

PODFILE CHECKSUM: 71671185d6eb63d1fcf7b6cf80fe6a8193ff8f49

COCOAPODS: 1.12.1
